
Microsoft Visual Studio Solution File, Format Version 12.00
# Visual Studio Version 16
VisualStudioVersion = 16.0.30711.63
MinimumVisualStudioVersion = 10.0.40219.1
Project("{9A19103F-16F7-4668-BE54-9A1E7A4F7556}") = "PlagiarismDetectionTool", "PlagiarismDetectionTool\PlagiarismDetectionTool.csproj", "{B75C425D-D22F-400A-A96E-B1BA4DFC91B9}"
EndProject
Project("{9A19103F-16F7-4668-BE54-9A1E7A4F7556}") = "PlagiarismDetectionTool.Utils", "PlagiarismDetectionTool.Utils\PlagiarismDetectionTool.Utils.csproj", "{AA2CC71A-4C6F-41FE-B512-FEC95A521BC0}"
EndProject
Project("{9A19103F-16F7-4668-BE54-9A1E7A4F7556}") = "PlagiarismDetectionTool.Lucene", "PlagiarismDetectionTool.Lucene\PlagiarismDetectionTool.Lucene.csproj", "{FB8CB2AD-01EF-4085-9283-09EF1E258BE4}"
EndProject
Project("{FAE04EC0-301F-11D3-BF4B-00C04F79EFBC}") = "PlagiarismDetectionTool.WebApp", "PlagiarismDetectionTool.WebApp\PlagiarismDetectionTool.WebApp.csproj", "{F5AA0383-5BBB-4252-93C4-7E9A9E274E0A}"
EndProject
Global
	GlobalSection(SolutionConfigurationPlatforms) = preSolution
		Debug|Any CPU = Debug|Any CPU
		Release|Any CPU = Release|Any CPU
	EndGlobalSection
	GlobalSection(ProjectConfigurationPlatforms) = postSolution
		{B75C425D-D22F-400A-A96E-B1BA4DFC91B9}.Debug|Any CPU.ActiveCfg = Debug|Any CPU
		{B75C425D-D22F-400A-A96E-B1BA4DFC91B9}.Debug|Any CPU.Build.0 = Debug|Any CPU
		{B75C425D-D22F-400A-A96E-B1BA4DFC91B9}.Release|Any CPU.ActiveCfg = Release|Any CPU
		{B75C425D-D22F-400A-A96E-B1BA4DFC91B9}.Release|Any CPU.Build.0 = Release|Any CPU
		{AA2CC71A-4C6F-41FE-B512-FEC95A521BC0}.Debug|Any CPU.ActiveCfg = Debug|Any CPU
		{AA2CC71A-4C6F-41FE-B512-FEC95A521BC0}.Debug|Any CPU.Build.0 = Debug|Any CPU
		{AA2CC71A-4C6F-41FE-B512-FEC95A521BC0}.Release|Any CPU.ActiveCfg = Release|Any CPU
		{AA2CC71A-4C6F-41FE-B512-FEC95A521BC0}.Release|Any CPU.Build.0 = Release|Any CPU
		{FB8CB2AD-01EF-4085-9283-09EF1E258BE4}.Debug|Any CPU.ActiveCfg = Debug|Any CPU
		{FB8CB2AD-01EF-4085-9283-09EF1E258BE4}.Debug|Any CPU.Build.0 = Debug|Any CPU
		{FB8CB2AD-01EF-4085-9283-09EF1E258BE4}.Release|Any CPU.ActiveCfg = Release|Any CPU
		{FB8CB2AD-01EF-4085-9283-09EF1E258BE4}.Release|Any CPU.Build.0 = Release|Any CPU
		{F5AA0383-5BBB-4252-93C4-7E9A9E274E0A}.Debug|Any CPU.ActiveCfg = Debug|Any CPU
		{F5AA0383-5BBB-4252-93C4-7E9A9E274E0A}.Debug|Any CPU.Build.0 = Debug|Any CPU
		{F5AA0383-5BBB-4252-93C4-7E9A9E274E0A}.Release|Any CPU.ActiveCfg = Release|Any CPU
		{F5AA0383-5BBB-4252-93C4-7E9A9E274E0A}.Release|Any CPU.Build.0 = Release|Any CPU
	EndGlobalSection
	GlobalSection(SolutionProperties) = preSolution
		HideSolutionNode = FALSE
	EndGlobalSection
	GlobalSection(ExtensibilityGlobals) = postSolution
		SolutionGuid = {2D8326A9-BEEF-41AD-A916-0262113C4377}
	EndGlobalSection
EndGlobal
